
Microsoft Visual Studio Solution File, Format Version 12.00
# Visual Studio Version 16
VisualStudioVersion = 16.0.29905.134
MinimumVisualStudioVersion = 10.0.40219.1
Project("{FAE04EC0-301F-11D3-BF4B-00C04F79EFBC}") = "SampleMVCWebApp", "SampleMVCWebApp.csproj", "{6EF6CFC2-7007-46D1-A705-14F26BD983B5}"
EndProject
Global
	GlobalSection(SolutionConfigurationPlatforms) = preSolution
		Debug|Any CPU = Debug|Any CPU
		Release|Any CPU = Release|Any CPU
	EndGlobalSection
	GlobalSection(ProjectConfigurationPlatforms) = postSolution
		{6EF6CFC2-7007-46D1-A705-14F26BD983B5}.Debug|Any CPU.ActiveCfg = Debug|Any CPU
		{6EF6CFC2-7007-46D1-A705-14F26BD983B5}.Debug|Any CPU.Build.0 = Debug|Any CPU
		{6EF6CFC2-7007-46D1-A705-14F26BD983B5}.Release|Any CPU.ActiveCfg = Release|Any CPU
		{6EF6CFC2-7007-46D1-A705-14F26BD983B5}.Release|Any CPU.Build.0 = Release|Any CPU
	EndGlobalSection
	GlobalSection(SolutionProperties) = preSolution
		HideSolutionNode = FALSE
	EndGlobalSection
	GlobalSection(ExtensibilityGlobals) = postSolution
		SolutionGuid = {DB18CC6E-66D0-4F91-9AF8-206342911D78}
	EndGlobalSection
EndGlobal
