
Microsoft Visual Studio Solution File, Format Version 12.00
# Visual Studio Version 16
VisualStudioVersion = 16.0.29905.134
MinimumVisualStudioVersion = 10.0.40219.1
Project("{F184B08F-C81C-45F6-A57F-5ABD9991F28F}") = "SampleWebApp", "SampleWebApp\SampleWebApp.vbproj", "{F497DBC1-218C-461B-A978-5DB566E5689C}"
EndProject
Global
	GlobalSection(SolutionConfigurationPlatforms) = preSolution
		Debug|Any CPU = Debug|Any CPU
		Release|Any CPU = Release|Any CPU
	EndGlobalSection
	GlobalSection(ProjectConfigurationPlatforms) = postSolution
		{F497DBC1-218C-461B-A978-5DB566E5689C}.Debug|Any CPU.ActiveCfg = Debug|Any CPU
		{F497DBC1-218C-461B-A978-5DB566E5689C}.Debug|Any CPU.Build.0 = Debug|Any CPU
		{F497DBC1-218C-461B-A978-5DB566E5689C}.Release|Any CPU.ActiveCfg = Release|Any CPU
		{F497DBC1-218C-461B-A978-5DB566E5689C}.Release|Any CPU.Build.0 = Release|Any CPU
	EndGlobalSection
	GlobalSection(SolutionProperties) = preSolution
		HideSolutionNode = FALSE
	EndGlobalSection
	GlobalSection(ExtensibilityGlobals) = postSolution
		SolutionGuid = {572ADCF0-2A92-4A75-BCE8-832F1816F4C5}
	EndGlobalSection
EndGlobal
